// !$*UTF8*$!
{
	archiveVersion = 1;
	classes = {
	};
	objectVersion = 50;
	objects = {

/* Begin PBXBuildFile section */
		7400128426FB1A3F008B92D7 /* AppDelegate.swift in Sources */ = {isa = PBXBuildFile; fileRef = 7400128326FB1A3F008B92D7 /* AppDelegate.swift */; };
		7400128626FB1A40008B92D7 /* SceneDelegate.swift in Sources */ = {isa = PBXBuildFile; fileRef = 7400128526FB1A40008B92D7 /* SceneDelegate.swift */; };
		7400128826FB1A40008B92D7 /* ViewController.swift in Sources */ = {isa = PBXBuildFile; fileRef = 7400128726FB1A40008B92D7 /* ViewController.swift */; };
		7400128B26FB1A40008B92D7 /* Main.storyboard in Resources */ = {isa = PBXBuildFile; fileRef = 7400128926FB1A40008B92D7 /* Main.storyboard */; };
		7400128D26FB1A41008B92D7 /* Assets.xcassets in Resources */ = {isa = PBXBuildFile; fileRef = 7400128C26FB1A41008B92D7 /* Assets.xcassets */; };
		7400129026FB1A41008B92D7 /* LaunchScreen.storyboard in Resources */ = {isa = PBXBuildFile; fileRef = 7400128E26FB1A41008B92D7 /* LaunchScreen.storyboard */; };
		740012A226FB6987008B92D7 /* HomeVC.swift in Sources */ = {isa = PBXBuildFile; fileRef = 740012A126FB6987008B92D7 /* HomeVC.swift */; };
		740AF45A26FCB08500533566 /* DiaryTableViewCell.swift in Sources */ = {isa = PBXBuildFile; fileRef = 740AF45826FCB08500533566 /* DiaryTableViewCell.swift */; };
		740AF45B26FCB08500533566 /* DiaryTableViewCell.xib in Resources */ = {isa = PBXBuildFile; fileRef = 740AF45926FCB08500533566 /* DiaryTableViewCell.xib */; };
		740AF45E26FCB88800533566 /* DiaryDetailVC.swift in Sources */ = {isa = PBXBuildFile; fileRef = 740AF45D26FCB88800533566 /* DiaryDetailVC.swift */; };
		74E60D8A27033EC200C575E4 /* KeyList.plist in Resources */ = {isa = PBXBuildFile; fileRef = 74E60D8927033EC100C575E4 /* KeyList.plist */; };
		74E60D912703426C00C575E4 /* WeatherService.swift in Sources */ = {isa = PBXBuildFile; fileRef = 74E60D902703426C00C575E4 /* WeatherService.swift */; };
		74E60DC52703548600C575E4 /* Weather.swift in Sources */ = {isa = PBXBuildFile; fileRef = 74E60DC42703548600C575E4 /* Weather.swift */; };
		74E60DCB27042A9E00C575E4 /* Diary+CoreDataClass.swift in Sources */ = {isa = PBXBuildFile; fileRef = 74E60DC927042A9E00C575E4 /* Diary+CoreDataClass.swift */; };
		74E60DCC27042A9E00C575E4 /* Diary+CoreDataProperties.swift in Sources */ = {isa = PBXBuildFile; fileRef = 74E60DCA27042A9E00C575E4 /* Diary+CoreDataProperties.swift */; };
		74F70AF026FCC1F4000672EB /* DiaryCoreData.xcdatamodeld in Sources */ = {isa = PBXBuildFile; fileRef = 74F70AEE26FCC1F4000672EB /* DiaryCoreData.xcdatamodeld */; };
/* End PBXBuildFile section */

/* Begin PBXFileReference section */
		7400128026FB1A3F008B92D7 /* 3week_WeatherDiary.app */ = {isa = PBXFileReference; explicitFileType = wrapper.application; includeInIndex = 0; path = 3week_WeatherDiary.app; sourceTree = BUILT_PRODUCTS_DIR; };
		7400128326FB1A3F008B92D7 /* AppDelegate.swift */ = {isa = PBXFileReference; lastKnownFileType = sourcecode.swift; path = AppDelegate.swift; sourceTree = "<group>"; };
		7400128526FB1A40008B92D7 /* SceneDelegate.swift */ = {isa = PBXFileReference; lastKnownFileType = sourcecode.swift; path = SceneDelegate.swift; sourceTree = "<group>"; };
		7400128726FB1A40008B92D7 /* ViewController.swift */ = {isa = PBXFileReference; lastKnownFileType = sourcecode.swift; path = ViewController.swift; sourceTree = "<group>"; };
		7400128A26FB1A40008B92D7 /* Base */ = {isa = PBXFileReference; lastKnownFileType = file.storyboard; name = Base; path = Base.lproj/Main.storyboard; sourceTree = "<group>"; };
		7400128C26FB1A41008B92D7 /* Assets.xcassets */ = {isa = PBXFileReference; lastKnownFileType = folder.assetcatalog; path = Assets.xcassets; sourceTree = "<group>"; };
		7400128F26FB1A41008B92D7 /* Base */ = {isa = PBXFileReference; lastKnownFileType = file.storyboard; name = Base; path = Base.lproj/LaunchScreen.storyboard; sourceTree = "<group>"; };
		7400129126FB1A41008B92D7 /* Info.plist */ = {isa = PBXFileReference; lastKnownFileType = text.plist.xml; path = Info.plist; sourceTree = "<group>"; };
		740012A126FB6987008B92D7 /* HomeVC.swift */ = {isa = PBXFileReference; lastKnownFileType = sourcecode.swift; path = HomeVC.swift; sourceTree = "<group>"; };
		740AF45826FCB08500533566 /* DiaryTableViewCell.swift */ = {isa = PBXFileReference; lastKnownFileType = sourcecode.swift; path = DiaryTableViewCell.swift; sourceTree = "<group>"; };
		740AF45926FCB08500533566 /* DiaryTableViewCell.xib */ = {isa = PBXFileReference; lastKnownFileType = file.xib; path = DiaryTableViewCell.xib; sourceTree = "<group>"; };
		740AF45D26FCB88800533566 /* DiaryDetailVC.swift */ = {isa = PBXFileReference; lastKnownFileType = sourcecode.swift; path = DiaryDetailVC.swift; sourceTree = "<group>"; };
		74E60D8927033EC100C575E4 /* KeyList.plist */ = {isa = PBXFileReference; lastKnownFileType = text.plist.xml; path = KeyList.plist; sourceTree = "<group>"; };
		74E60D902703426C00C575E4 /* WeatherService.swift */ = {isa = PBXFileReference; lastKnownFileType = sourcecode.swift; path = WeatherService.swift; sourceTree = "<group>"; };
		74E60DC42703548600C575E4 /* Weather.swift */ = {isa = PBXFileReference; lastKnownFileType = sourcecode.swift; path = Weather.swift; sourceTree = "<group>"; };
		74E60DC927042A9E00C575E4 /* Diary+CoreDataClass.swift */ = {isa = PBXFileReference; lastKnownFileType = sourcecode.swift; path = "Diary+CoreDataClass.swift"; sourceTree = "<group>"; };
		74E60DCA27042A9E00C575E4 /* Diary+CoreDataProperties.swift */ = {isa = PBXFileReference; lastKnownFileType = sourcecode.swift; path = "Diary+CoreDataProperties.swift"; sourceTree = "<group>"; };
		74F70AEF26FCC1F4000672EB /* DiaryCoreData.xcdatamodel */ = {isa = PBXFileReference; lastKnownFileType = wrapper.xcdatamodel; path = DiaryCoreData.xcdatamodel; sourceTree = "<group>"; };
/* End PBXFileReference section */

/* Begin PBXFrameworksBuildPhase section */
		7400127D26FB1A3F008B92D7 /* Frameworks */ = {
			isa = PBXFrameworksBuildPhase;
			buildActionMask = 2147483647;
			files = (
			);
			runOnlyForDeploymentPostprocessing = 0;
		};
/* End PBXFrameworksBuildPhase section */

/* Begin PBXGroup section */
		7400127726FB1A3F008B92D7 = {
			isa = PBXGroup;
			children = (
				74E60DC927042A9E00C575E4 /* Diary+CoreDataClass.swift */,
				74E60DCA27042A9E00C575E4 /* Diary+CoreDataProperties.swift */,
				7400128226FB1A3F008B92D7 /* 3week_WeatherDiary */,
				7400128126FB1A3F008B92D7 /* Products */,
			);
			sourceTree = "<group>";
		};
		7400128126FB1A3F008B92D7 /* Products */ = {
			isa = PBXGroup;
			children = (
				7400128026FB1A3F008B92D7 /* 3week_WeatherDiary.app */,
			);
			name = Products;
			sourceTree = "<group>";
		};
		7400128226FB1A3F008B92D7 /* 3week_WeatherDiary */ = {
			isa = PBXGroup;
			children = (
				7400128326FB1A3F008B92D7 /* AppDelegate.swift */,
				7400128526FB1A40008B92D7 /* SceneDelegate.swift */,
				7400128726FB1A40008B92D7 /* ViewController.swift */,
				7400128926FB1A40008B92D7 /* Main.storyboard */,
				7400128C26FB1A41008B92D7 /* Assets.xcassets */,
				7400128E26FB1A41008B92D7 /* LaunchScreen.storyboard */,
				7400129126FB1A41008B92D7 /* Info.plist */,
				740012A126FB6987008B92D7 /* HomeVC.swift */,
				740AF45826FCB08500533566 /* DiaryTableViewCell.swift */,
				740AF45926FCB08500533566 /* DiaryTableViewCell.xib */,
				740AF45D26FCB88800533566 /* DiaryDetailVC.swift */,
				74F70AEE26FCC1F4000672EB /* DiaryCoreData.xcdatamodeld */,
				74E60D8927033EC100C575E4 /* KeyList.plist */,
				74E60D902703426C00C575E4 /* WeatherService.swift */,
				74E60DC42703548600C575E4 /* Weather.swift */,
			);
			path = 3week_WeatherDiary;
			sourceTree = "<group>";
		};
/* End PBXGroup section */

/* Begin PBXNativeTarget section */
		7400127F26FB1A3F008B92D7 /* 3week_WeatherDiary */ = {
			isa = PBXNativeTarget;
			buildConfigurationList = 7400129426FB1A41008B92D7 /* Build configuration list for PBXNativeTarget "3week_WeatherDiary" */;
			buildPhases = (
				7400127C26FB1A3F008B92D7 /* Sources */,
				7400127D26FB1A3F008B92D7 /* Frameworks */,
				7400127E26FB1A3F008B92D7 /* Resources */,
			);
			buildRules = (
			);
			dependencies = (
			);
			name = 3week_WeatherDiary;
			productName = 3week_WeatherDiary;
			productReference = 7400128026FB1A3F008B92D7 /* 3week_WeatherDiary.app */;
			productType = "com.apple.product-type.application";
		};
/* End PBXNativeTarget section */

/* Begin PBXProject section */
		7400127826FB1A3F008B92D7 /* Project object */ = {
			isa = PBXProject;
			attributes = {
				LastSwiftUpdateCheck = 1220;
				LastUpgradeCheck = 1220;
				TargetAttributes = {
					7400127F26FB1A3F008B92D7 = {
						CreatedOnToolsVersion = 12.2;
					};
				};
			};
			buildConfigurationList = 7400127B26FB1A3F008B92D7 /* Build configuration list for PBXProject "3week_WeatherDiary" */;
			compatibilityVersion = "Xcode 9.3";
			developmentRegion = en;
			hasScannedForEncodings = 0;
			knownRegions = (
				en,
				Base,
			);
			mainGroup = 7400127726FB1A3F008B92D7;
			productRefGroup = 7400128126FB1A3F008B92D7 /* Products */;
			projectDirPath = "";
			projectRoot = "";
			targets = (
				7400127F26FB1A3F008B92D7 /* 3week_WeatherDiary */,
			);
		};
/* End PBXProject section */

/* Begin PBXResourcesBuildPhase section */
		7400127E26FB1A3F008B92D7 /* Resources */ = {
			isa = PBXResourcesBuildPhase;
			buildActionMask = 2147483647;
			files = (
				7400129026FB1A41008B92D7 /* LaunchScreen.storyboard in Resources */,
				74E60D8A27033EC200C575E4 /* KeyList.plist in Resources */,
				7400128D26FB1A41008B92D7 /* Assets.xcassets in Resources */,
				7400128B26FB1A40008B92D7 /* Main.storyboard in Resources */,
				740AF45B26FCB08500533566 /* DiaryTableViewCell.xib in Resources */,
			);
			runOnlyForDeploymentPostprocessing = 0;
		};
/* End PBXResourcesBuildPhase section */

/* Begin PBXSourcesBuildPhase section */
		7400127C26FB1A3F008B92D7 /* Sources */ = {
			isa = PBXSourcesBuildPhase;
			buildActionMask = 2147483647;
			files = (
				7400128826FB1A40008B92D7 /* ViewController.swift in Sources */,
				74E60D912703426C00C575E4 /* WeatherService.swift in Sources */,
				74E60DCC27042A9E00C575E4 /* Diary+CoreDataProperties.swift in Sources */,
				74E60DC52703548600C575E4 /* Weather.swift in Sources */,
				74E60DCB27042A9E00C575E4 /* Diary+CoreDataClass.swift in Sources */,
				740012A226FB6987008B92D7 /* HomeVC.swift in Sources */,
				7400128426FB1A3F008B92D7 /* AppDelegate.swift in Sources */,
				740AF45E26FCB88800533566 /* DiaryDetailVC.swift in Sources */,
				7400128626FB1A40008B92D7 /* SceneDelegate.swift in Sources */,
				74F70AF026FCC1F4000672EB /* DiaryCoreData.xcdatamodeld in Sources */,
				740AF45A26FCB08500533566 /* DiaryTableViewCell.swift in Sources */,
			);
			runOnlyForDeploymentPostprocessing = 0;
		};
/* End PBXSourcesBuildPhase section */

/* Begin PBXVariantGroup section */
		7400128926FB1A40008B92D7 /* Main.storyboard */ = {
			isa = PBXVariantGroup;
			children = (
				7400128A26FB1A40008B92D7 /* Base */,
			);
			name = Main.storyboard;
			sourceTree = "<group>";
		};
		7400128E26FB1A41008B92D7 /* LaunchScreen.storyboard */ = {
			isa = PBXVariantGroup;
			children = (
				7400128F26FB1A41008B92D7 /* Base */,
			);
			name = LaunchScreen.storyboard;
			sourceTree = "<group>";
		};
/* End PBXVariantGroup section */

/* Begin XCBuildConfiguration section */
		7400129226FB1A41008B92D7 /* Debug */ = {
			isa = XCBuildConfiguration;
			buildSettings = {
				ALWAYS_SEARCH_USER_PATHS = NO;
				CLANG_ANALYZER_NONNULL = YES;
				CLANG_ANALYZER_NUMBER_OBJECT_CONVERSION = YES_AGGRESSIVE;
				CLANG_CXX_LANGUAGE_STANDARD = "gnu++14";
				CLANG_CXX_LIBRARY = "libc++";
				CLANG_ENABLE_MODULES = YES;
				CLANG_ENABLE_OBJC_ARC = YES;
				CLANG_ENABLE_OBJC_WEAK = YES;
				CLANG_WARN_BLOCK_CAPTURE_AUTORELEASING = YES;
				CLANG_WARN_BOOL_CONVERSION = YES;
				CLANG_WARN_COMMA = YES;
				CLANG_WARN_CONSTANT_CONVERSION = YES;
				CLANG_WARN_DEPRECATED_OBJC_IMPLEMENTATIONS = YES;
				CLANG_WARN_DIRECT_OBJC_ISA_USAGE = YES_ERROR;
				CLANG_WARN_DOCUMENTATION_COMMENTS = YES;
				CLANG_WARN_EMPTY_BODY = YES;
				CLANG_WARN_ENUM_CONVERSION = YES;
				CLANG_WARN_INFINITE_RECURSION = YES;
				CLANG_WARN_INT_CONVERSION = YES;
				CLANG_WARN_NON_LITERAL_NULL_CONVERSION = YES;
				CLANG_WARN_OBJC_IMPLICIT_RETAIN_SELF = YES;
				CLANG_WARN_OBJC_LITERAL_CONVERSION = YES;
				CLANG_WARN_OBJC_ROOT_CLASS = YES_ERROR;
				CLANG_WARN_QUOTED_INCLUDE_IN_FRAMEWORK_HEADER = YES;
				CLANG_WARN_RANGE_LOOP_ANALYSIS = YES;
				CLANG_WARN_STRICT_PROTOTYPES = YES;
				CLANG_WARN_SUSPICIOUS_MOVE = YES;
				CLANG_WARN_UNGUARDED_AVAILABILITY = YES_AGGRESSIVE;
				CLANG_WARN_UNREACHABLE_CODE = YES;
				CLANG_WARN__DUPLICATE_METHOD_MATCH = YES;
				COPY_PHASE_STRIP = NO;
				DEBUG_INFORMATION_FORMAT = dwarf;
				ENABLE_STRICT_OBJC_MSGSEND = YES;
				ENABLE_TESTABILITY = YES;
				GCC_C_LANGUAGE_STANDARD = gnu11;
				GCC_DYNAMIC_NO_PIC = NO;
				GCC_NO_COMMON_BLOCKS = YES;
				GCC_OPTIMIZATION_LEVEL = 0;
				GCC_PREPROCESSOR_DEFINITIONS = (
					"DEBUG=1",
					"$(inherited)",
				);
				GCC_WARN_64_TO_32_BIT_CONVERSION = YES;
				GCC_WARN_ABOUT_RETURN_TYPE = YES_ERROR;
				GCC_WARN_UNDECLARED_SELECTOR = YES;
				GCC_WARN_UNINITIALIZED_AUTOS = YES_AGGRESSIVE;
				GCC_WARN_UNUSED_FUNCTION = YES;
				GCC_WARN_UNUSED_VARIABLE = YES;
				IPHONEOS_DEPLOYMENT_TARGET = 14.2;
				MTL_ENABLE_DEBUG_INFO = INCLUDE_SOURCE;
				MTL_FAST_MATH = YES;
				ONLY_ACTIVE_ARCH = YES;
				SDKROOT = iphoneos;
				SWIFT_ACTIVE_COMPILATION_CONDITIONS = DEBUG;
				SWIFT_OPTIMIZATION_LEVEL = "-Onone";
			};
			name = Debug;
		};
		7400129326FB1A41008B92D7 /* Release */ = {
			isa = XCBuildConfiguration;
			buildSettings = {
				ALWAYS_SEARCH_USER_PATHS = NO;
				CLANG_ANALYZER_NONNULL = YES;
				CLANG_ANALYZER_NUMBER_OBJECT_CONVERSION = YES_AGGRESSIVE;
				CLANG_CXX_LANGUAGE_STANDARD = "gnu++14";
				CLANG_CXX_LIBRARY = "libc++";
				CLANG_ENABLE_MODULES = YES;
				CLANG_ENABLE_OBJC_ARC = YES;
				CLANG_ENABLE_OBJC_WEAK = YES;
				CLANG_WARN_BLOCK_CAPTURE_AUTORELEASING = YES;
				CLANG_WARN_BOOL_CONVERSION = YES;
				CLANG_WARN_COMMA = YES;
				CLANG_WARN_CONSTANT_CONVERSION = YES;
				CLANG_WARN_DEPRECATED_OBJC_IMPLEMENTATIONS = YES;
				CLANG_WARN_DIRECT_OBJC_ISA_USAGE = YES_ERROR;
				CLANG_WARN_DOCUMENTATION_COMMENTS = YES;
				CLANG_WARN_EMPTY_BODY = YES;
				CLANG_WARN_ENUM_CONVERSION = YES;
				CLANG_WARN_INFINITE_RECURSION = YES;
				CLANG_WARN_INT_CONVERSION = YES;
				CLANG_WARN_NON_LITERAL_NULL_CONVERSION = YES;
				CLANG_WARN_OBJC_IMPLICIT_RETAIN_SELF = YES;
				CLANG_WARN_OBJC_LITERAL_CONVERSION = YES;
				CLANG_WARN_OBJC_ROOT_CLASS = YES_ERROR;
				CLANG_WARN_QUOTED_INCLUDE_IN_FRAMEWORK_HEADER = YES;
				CLANG_WARN_RANGE_LOOP_ANALYSIS = YES;
				CLANG_WARN_STRICT_PROTOTYPES = YES;
				CLANG_WARN_SUSPICIOUS_MOVE = YES;
				CLANG_WARN_UNGUARDED_AVAILABILITY = YES_AGGRESSIVE;
				CLANG_WARN_UNREACHABLE_CODE = YES;
				CLANG_WARN__DUPLICATE_METHOD_MATCH = YES;
				COPY_PHASE_STRIP = NO;
				DEBUG_INFORMATION_FORMAT = "dwarf-with-dsym";
				ENABLE_NS_ASSERTIONS = NO;
				ENABLE_STRICT_OBJC_MSGSEND = YES;
				GCC_C_LANGUAGE_STANDARD = gnu11;
				GCC_NO_COMMON_BLOCKS = YES;
				GCC_WARN_64_TO_32_BIT_CONVERSION = YES;
				GCC_WARN_ABOUT_RETURN_TYPE = YES_ERROR;
				GCC_WARN_UNDECLARED_SELECTOR = YES;
				GCC_WARN_UNINITIALIZED_AUTOS = YES_AGGRESSIVE;
				GCC_WARN_UNUSED_FUNCTION = YES;
				GCC_WARN_UNUSED_VARIABLE = YES;
				IPHONEOS_DEPLOYMENT_TARGET = 14.2;
				MTL_ENABLE_DEBUG_INFO = NO;
				MTL_FAST_MATH = YES;
				SDKROOT = iphoneos;
				SWIFT_COMPILATION_MODE = wholemodule;
				SWIFT_OPTIMIZATION_LEVEL = "-O";
				VALIDATE_PRODUCT = YES;
			};
			name = Release;
		};
		7400129526FB1A41008B92D7 /* Debug */ = {
			isa = XCBuildConfiguration;
			buildSettings = {
				ASSETCATALOG_COMPILER_APPICON_NAME = AppIcon;
				ASSETCATALOG_COMPILER_GLOBAL_ACCENT_COLOR_NAME = AccentColor;
				CODE_SIGN_STYLE = Automatic;
				DEVELOPMENT_TEAM = RCUCS9DJGT;
				INFOPLIST_FILE = 3week_WeatherDiary/Info.plist;
				LD_RUNPATH_SEARCH_PATHS = (
					"$(inherited)",
					"@executable_path/Frameworks",
				);
				PRODUCT_BUNDLE_IDENTIFIER = "com.onestation.-week-WeatherDiary";
				PRODUCT_NAME = "$(TARGET_NAME)";
				SWIFT_VERSION = 5.0;
				TARGETED_DEVICE_FAMILY = "1,2";
			};
			name = Debug;
		};
		7400129626FB1A41008B92D7 /* Release */ = {
			isa = XCBuildConfiguration;
			buildSettings = {
				ASSETCATALOG_COMPILER_APPICON_NAME = AppIcon;
				ASSETCATALOG_COMPILER_GLOBAL_ACCENT_COLOR_NAME = AccentColor;
				CODE_SIGN_STYLE = Automatic;
				DEVELOPMENT_TEAM = RCUCS9DJGT;
				INFOPLIST_FILE = 3week_WeatherDiary/Info.plist;
				LD_RUNPATH_SEARCH_PATHS = (
					"$(inherited)",
					"@executable_path/Frameworks",
				);
				PRODUCT_BUNDLE_IDENTIFIER = "com.onestation.-week-WeatherDiary";
				PRODUCT_NAME = "$(TARGET_NAME)";
				SWIFT_VERSION = 5.0;
				TARGETED_DEVICE_FAMILY = "1,2";
			};
			name = Release;
		};
/* End XCBuildConfiguration section */

/* Begin XCConfigurationList section */
		7400127B26FB1A3F008B92D7 /* Build configuration list for PBXProject "3week_WeatherDiary" */ = {
			isa = XCConfigurationList;
			buildConfigurations = (
				7400129226FB1A41008B92D7 /* Debug */,
				7400129326FB1A41008B92D7 /* Release */,
			);
			defaultConfigurationIsVisible = 0;
			defaultConfigurationName = Release;
		};
		7400129426FB1A41008B92D7 /* Build configuration list for PBXNativeTarget "3week_WeatherDiary" */ = {
			isa = XCConfigurationList;
			buildConfigurations = (
				7400129526FB1A41008B92D7 /* Debug */,
				7400129626FB1A41008B92D7 /* Release */,
			);
			defaultConfigurationIsVisible = 0;
			defaultConfigurationName = Release;
		};
/* End XCConfigurationList section */

/* Begin XCVersionGroup section */
		74F70AEE26FCC1F4000672EB /* DiaryCoreData.xcdatamodeld */ = {
			isa = XCVersionGroup;
			children = (
				74F70AEF26FCC1F4000672EB /* DiaryCoreData.xcdatamodel */,
			);
			currentVersion = 74F70AEF26FCC1F4000672EB /* DiaryCoreData.xcdatamodel */;
			path = DiaryCoreData.xcdatamodeld;
			sourceTree = "<group>";
			versionGroupType = wrapper.xcdatamodel;
		};
/* End XCVersionGroup section */
	};
	rootObject = 7400127826FB1A3F008B92D7 /* Project object */;
}
